
Microsoft Visual Studio Solution File, Format Version 12.00
# Visual Studio Version 16
VisualStudioVersion = 16.0.29306.81
MinimumVisualStudioVersion = 10.0.40219.1
Project("{9A19103F-16F7-4668-BE54-9A1E7A4F7556}") = "AWSLambda1", "AWSLambda1\AWSLambda1.csproj", "{748AA257-46C4-4F68-AE21-501AF53D95B4}"
EndProject
Project("{9A19103F-16F7-4668-BE54-9A1E7A4F7556}") = "AWSLambda1.Tests", "AWSLambda1.Tests\AWSLambda1.Tests.csproj", "{E374EF8C-5901-479D-B900-D4436B9C8D57}"
EndProject
Project("{2150E333-8FDC-42A3-9474-1A3956D46DE8}") = "someSolutions", "someSolutions", "{34EA2EDA-B115-455B-A9EF-291B06DB741A}"
EndProject
Project("{9A19103F-16F7-4668-BE54-9A1E7A4F7556}") = "someName", "..\..\SomeProject\someName\someName.csproj", "{31865A84-D552-4DBA-A1F2-324C9CA37DB0}"
EndProject
Project("{FAE04EC0-301F-11D3-BF4B-00C04F79EFBC}") = "camTest", "..\..\CamTest\camTest\camTest.csproj", "{23EDC8B3-1904-421F-9739-9CEC6798A682}"
EndProject
Project("{FAE04EC0-301F-11D3-BF4B-00C04F79EFBC}") = "MoodAnalyserApp", "MoodAnalyserApp\MoodAnalyserApp\MoodAnalyserApp.csproj", "{2BE25F8F-4184-4FFC-AAF0-E61B53C21A19}"
EndProject
Global
	GlobalSection(SolutionConfigurationPlatforms) = preSolution
		Debug|Any CPU = Debug|Any CPU
		Release|Any CPU = Release|Any CPU
	EndGlobalSection
	GlobalSection(ProjectConfigurationPlatforms) = postSolution
		{748AA257-46C4-4F68-AE21-501AF53D95B4}.Debug|Any CPU.ActiveCfg = Debug|Any CPU
		{748AA257-46C4-4F68-AE21-501AF53D95B4}.Debug|Any CPU.Build.0 = Debug|Any CPU
		{748AA257-46C4-4F68-AE21-501AF53D95B4}.Release|Any CPU.ActiveCfg = Release|Any CPU
		{748AA257-46C4-4F68-AE21-501AF53D95B4}.Release|Any CPU.Build.0 = Release|Any CPU
		{E374EF8C-5901-479D-B900-D4436B9C8D57}.Debug|Any CPU.ActiveCfg = Debug|Any CPU
		{E374EF8C-5901-479D-B900-D4436B9C8D57}.Debug|Any CPU.Build.0 = Debug|Any CPU
		{E374EF8C-5901-479D-B900-D4436B9C8D57}.Release|Any CPU.ActiveCfg = Release|Any CPU
		{E374EF8C-5901-479D-B900-D4436B9C8D57}.Release|Any CPU.Build.0 = Release|Any CPU
		{31865A84-D552-4DBA-A1F2-324C9CA37DB0}.Debug|Any CPU.ActiveCfg = Debug|Any CPU
		{31865A84-D552-4DBA-A1F2-324C9CA37DB0}.Debug|Any CPU.Build.0 = Debug|Any CPU
		{31865A84-D552-4DBA-A1F2-324C9CA37DB0}.Release|Any CPU.ActiveCfg = Release|Any CPU
		{31865A84-D552-4DBA-A1F2-324C9CA37DB0}.Release|Any CPU.Build.0 = Release|Any CPU
		{23EDC8B3-1904-421F-9739-9CEC6798A682}.Debug|Any CPU.ActiveCfg = Debug|Any CPU
		{23EDC8B3-1904-421F-9739-9CEC6798A682}.Debug|Any CPU.Build.0 = Debug|Any CPU
		{23EDC8B3-1904-421F-9739-9CEC6798A682}.Release|Any CPU.ActiveCfg = Release|Any CPU
		{23EDC8B3-1904-421F-9739-9CEC6798A682}.Release|Any CPU.Build.0 = Release|Any CPU
		{2BE25F8F-4184-4FFC-AAF0-E61B53C21A19}.Debug|Any CPU.ActiveCfg = Debug|Any CPU
		{2BE25F8F-4184-4FFC-AAF0-E61B53C21A19}.Debug|Any CPU.Build.0 = Debug|Any CPU
		{2BE25F8F-4184-4FFC-AAF0-E61B53C21A19}.Release|Any CPU.ActiveCfg = Release|Any CPU
		{2BE25F8F-4184-4FFC-AAF0-E61B53C21A19}.Release|Any CPU.Build.0 = Release|Any CPU
	EndGlobalSection
	GlobalSection(SolutionProperties) = preSolution
		HideSolutionNode = FALSE
	EndGlobalSection
	GlobalSection(NestedProjects) = preSolution
		{31865A84-D552-4DBA-A1F2-324C9CA37DB0} = {34EA2EDA-B115-455B-A9EF-291B06DB741A}
		{23EDC8B3-1904-421F-9739-9CEC6798A682} = {34EA2EDA-B115-455B-A9EF-291B06DB741A}
	EndGlobalSection
	GlobalSection(ExtensibilityGlobals) = postSolution
		SolutionGuid = {AA1D02A7-15AE-49B6-8739-C222659B3240}
	EndGlobalSection
EndGlobal
