
Microsoft Visual Studio Solution File, Format Version 12.00
# Visual Studio Version 16
VisualStudioVersion = 16.0.29306.81
MinimumVisualStudioVersion = 10.0.40219.1
Project("{9A19103F-16F7-4668-BE54-9A1E7A4F7556}") = "AWSLambda1", "AWSLambda1\AWSLambda1.csproj", "{748AA257-46C4-4F68-AE21-501AF53D95B4}"
EndProject
Project("{9A19103F-16F7-4668-BE54-9A1E7A4F7556}") = "AWSLambda1.Tests", "AWSLambda1.Tests\AWSLambda1.Tests.csproj", "{E374EF8C-5901-479D-B900-D4436B9C8D57}"
EndProject
Project("{9A19103F-16F7-4668-BE54-9A1E7A4F7556}") = "AWSLambdaClient", "AWSLambdaClient\AWSLambdaClient.csproj", "{5B21850A-B9EE-4FA9-B029-2B84312146A4}"
EndProject
Project("{FAE04EC0-301F-11D3-BF4B-00C04F79EFBC}") = "Client", "HistoryClient\Client.csproj", "{70D2B02A-729E-48B6-BF45-886C5CBA2599}"
EndProject
Project("{9A19103F-16F7-4668-BE54-9A1E7A4F7556}") = "AWSIsReferencePhotoValid", "AWSHowManyPeopleInPicture\AWSIsReferencePhotoValid.csproj", "{39A34675-984C-4268-A993-9302F3A8BAE9}"
EndProject
Project("{FAE04EC0-301F-11D3-BF4B-00C04F79EFBC}") = "DataStorage", "DataStorage\DataStorage.csproj", "{48FE6BE8-DDAC-4B2A-BF53-CB67AA57E1E1}"
EndProject
Project("{FAE04EC0-301F-11D3-BF4B-00C04F79EFBC}") = "AndroidXamarin", "AndroidXamarin\AndroidXamarin.csproj", "{177FC615-15EF-4206-A067-2285DAC1DAB2}"
EndProject
Global
	GlobalSection(SolutionConfigurationPlatforms) = preSolution
		Debug|Any CPU = Debug|Any CPU
		Debug|ARM = Debug|ARM
		Debug|ARM64 = Debug|ARM64
		Debug|x64 = Debug|x64
		Debug|x86 = Debug|x86
		Release|Any CPU = Release|Any CPU
		Release|ARM = Release|ARM
		Release|ARM64 = Release|ARM64
		Release|x64 = Release|x64
		Release|x86 = Release|x86
	EndGlobalSection
	GlobalSection(ProjectConfigurationPlatforms) = postSolution
		{748AA257-46C4-4F68-AE21-501AF53D95B4}.Debug|Any CPU.ActiveCfg = Debug|Any CPU
		{748AA257-46C4-4F68-AE21-501AF53D95B4}.Debug|Any CPU.Build.0 = Debug|Any CPU
		{748AA257-46C4-4F68-AE21-501AF53D95B4}.Debug|ARM.ActiveCfg = Debug|Any CPU
		{748AA257-46C4-4F68-AE21-501AF53D95B4}.Debug|ARM.Build.0 = Debug|Any CPU
		{748AA257-46C4-4F68-AE21-501AF53D95B4}.Debug|ARM64.ActiveCfg = Debug|Any CPU
		{748AA257-46C4-4F68-AE21-501AF53D95B4}.Debug|ARM64.Build.0 = Debug|Any CPU
		{748AA257-46C4-4F68-AE21-501AF53D95B4}.Debug|x64.ActiveCfg = Debug|Any CPU
		{748AA257-46C4-4F68-AE21-501AF53D95B4}.Debug|x64.Build.0 = Debug|Any CPU
		{748AA257-46C4-4F68-AE21-501AF53D95B4}.Debug|x86.ActiveCfg = Debug|Any CPU
		{748AA257-46C4-4F68-AE21-501AF53D95B4}.Debug|x86.Build.0 = Debug|Any CPU
		{748AA257-46C4-4F68-AE21-501AF53D95B4}.Release|Any CPU.ActiveCfg = Release|Any CPU
		{748AA257-46C4-4F68-AE21-501AF53D95B4}.Release|Any CPU.Build.0 = Release|Any CPU
		{748AA257-46C4-4F68-AE21-501AF53D95B4}.Release|ARM.ActiveCfg = Release|Any CPU
		{748AA257-46C4-4F68-AE21-501AF53D95B4}.Release|ARM.Build.0 = Release|Any CPU
		{748AA257-46C4-4F68-AE21-501AF53D95B4}.Release|ARM64.ActiveCfg = Release|Any CPU
		{748AA257-46C4-4F68-AE21-501AF53D95B4}.Release|ARM64.Build.0 = Release|Any CPU
		{748AA257-46C4-4F68-AE21-501AF53D95B4}.Release|x64.ActiveCfg = Release|Any CPU
		{748AA257-46C4-4F68-AE21-501AF53D95B4}.Release|x64.Build.0 = Release|Any CPU
		{748AA257-46C4-4F68-AE21-501AF53D95B4}.Release|x86.ActiveCfg = Release|Any CPU
		{748AA257-46C4-4F68-AE21-501AF53D95B4}.Release|x86.Build.0 = Release|Any CPU
		{E374EF8C-5901-479D-B900-D4436B9C8D57}.Debug|Any CPU.ActiveCfg = Debug|Any CPU
		{E374EF8C-5901-479D-B900-D4436B9C8D57}.Debug|Any CPU.Build.0 = Debug|Any CPU
		{E374EF8C-5901-479D-B900-D4436B9C8D57}.Debug|ARM.ActiveCfg = Debug|Any CPU
		{E374EF8C-5901-479D-B900-D4436B9C8D57}.Debug|ARM.Build.0 = Debug|Any CPU
		{E374EF8C-5901-479D-B900-D4436B9C8D57}.Debug|ARM64.ActiveCfg = Debug|Any CPU
		{E374EF8C-5901-479D-B900-D4436B9C8D57}.Debug|ARM64.Build.0 = Debug|Any CPU
		{E374EF8C-5901-479D-B900-D4436B9C8D57}.Debug|x64.ActiveCfg = Debug|Any CPU
		{E374EF8C-5901-479D-B900-D4436B9C8D57}.Debug|x64.Build.0 = Debug|Any CPU
		{E374EF8C-5901-479D-B900-D4436B9C8D57}.Debug|x86.ActiveCfg = Debug|Any CPU
		{E374EF8C-5901-479D-B900-D4436B9C8D57}.Debug|x86.Build.0 = Debug|Any CPU
		{E374EF8C-5901-479D-B900-D4436B9C8D57}.Release|Any CPU.ActiveCfg = Release|Any CPU
		{E374EF8C-5901-479D-B900-D4436B9C8D57}.Release|Any CPU.Build.0 = Release|Any CPU
		{E374EF8C-5901-479D-B900-D4436B9C8D57}.Release|ARM.ActiveCfg = Release|Any CPU
		{E374EF8C-5901-479D-B900-D4436B9C8D57}.Release|ARM.Build.0 = Release|Any CPU
		{E374EF8C-5901-479D-B900-D4436B9C8D57}.Release|ARM64.ActiveCfg = Release|Any CPU
		{E374EF8C-5901-479D-B900-D4436B9C8D57}.Release|ARM64.Build.0 = Release|Any CPU
		{E374EF8C-5901-479D-B900-D4436B9C8D57}.Release|x64.ActiveCfg = Release|Any CPU
		{E374EF8C-5901-479D-B900-D4436B9C8D57}.Release|x64.Build.0 = Release|Any CPU
		{E374EF8C-5901-479D-B900-D4436B9C8D57}.Release|x86.ActiveCfg = Release|Any CPU
		{E374EF8C-5901-479D-B900-D4436B9C8D57}.Release|x86.Build.0 = Release|Any CPU
		{5B21850A-B9EE-4FA9-B029-2B84312146A4}.Debug|Any CPU.ActiveCfg = Debug|Any CPU
		{5B21850A-B9EE-4FA9-B029-2B84312146A4}.Debug|Any CPU.Build.0 = Debug|Any CPU
		{5B21850A-B9EE-4FA9-B029-2B84312146A4}.Debug|ARM.ActiveCfg = Debug|Any CPU
		{5B21850A-B9EE-4FA9-B029-2B84312146A4}.Debug|ARM.Build.0 = Debug|Any CPU
		{5B21850A-B9EE-4FA9-B029-2B84312146A4}.Debug|ARM64.ActiveCfg = Debug|Any CPU
		{5B21850A-B9EE-4FA9-B029-2B84312146A4}.Debug|ARM64.Build.0 = Debug|Any CPU
		{5B21850A-B9EE-4FA9-B029-2B84312146A4}.Debug|x64.ActiveCfg = Debug|Any CPU
		{5B21850A-B9EE-4FA9-B029-2B84312146A4}.Debug|x64.Build.0 = Debug|Any CPU
		{5B21850A-B9EE-4FA9-B029-2B84312146A4}.Debug|x86.ActiveCfg = Debug|Any CPU
		{5B21850A-B9EE-4FA9-B029-2B84312146A4}.Debug|x86.Build.0 = Debug|Any CPU
		{5B21850A-B9EE-4FA9-B029-2B84312146A4}.Release|Any CPU.ActiveCfg = Release|Any CPU
		{5B21850A-B9EE-4FA9-B029-2B84312146A4}.Release|Any CPU.Build.0 = Release|Any CPU
		{5B21850A-B9EE-4FA9-B029-2B84312146A4}.Release|ARM.ActiveCfg = Release|Any CPU
		{5B21850A-B9EE-4FA9-B029-2B84312146A4}.Release|ARM.Build.0 = Release|Any CPU
		{5B21850A-B9EE-4FA9-B029-2B84312146A4}.Release|ARM64.ActiveCfg = Release|Any CPU
		{5B21850A-B9EE-4FA9-B029-2B84312146A4}.Release|ARM64.Build.0 = Release|Any CPU
		{5B21850A-B9EE-4FA9-B029-2B84312146A4}.Release|x64.ActiveCfg = Release|Any CPU
		{5B21850A-B9EE-4FA9-B029-2B84312146A4}.Release|x64.Build.0 = Release|Any CPU
		{5B21850A-B9EE-4FA9-B029-2B84312146A4}.Release|x86.ActiveCfg = Release|Any CPU
		{5B21850A-B9EE-4FA9-B029-2B84312146A4}.Release|x86.Build.0 = Release|Any CPU
		{70D2B02A-729E-48B6-BF45-886C5CBA2599}.Debug|Any CPU.ActiveCfg = Debug|Any CPU
		{70D2B02A-729E-48B6-BF45-886C5CBA2599}.Debug|Any CPU.Build.0 = Debug|Any CPU
		{70D2B02A-729E-48B6-BF45-886C5CBA2599}.Debug|ARM.ActiveCfg = Debug|Any CPU
		{70D2B02A-729E-48B6-BF45-886C5CBA2599}.Debug|ARM.Build.0 = Debug|Any CPU
		{70D2B02A-729E-48B6-BF45-886C5CBA2599}.Debug|ARM64.ActiveCfg = Debug|Any CPU
		{70D2B02A-729E-48B6-BF45-886C5CBA2599}.Debug|ARM64.Build.0 = Debug|Any CPU
		{70D2B02A-729E-48B6-BF45-886C5CBA2599}.Debug|x64.ActiveCfg = Debug|Any CPU
		{70D2B02A-729E-48B6-BF45-886C5CBA2599}.Debug|x64.Build.0 = Debug|Any CPU
		{70D2B02A-729E-48B6-BF45-886C5CBA2599}.Debug|x86.ActiveCfg = Debug|Any CPU
		{70D2B02A-729E-48B6-BF45-886C5CBA2599}.Debug|x86.Build.0 = Debug|Any CPU
		{70D2B02A-729E-48B6-BF45-886C5CBA2599}.Release|Any CPU.ActiveCfg = Release|Any CPU
		{70D2B02A-729E-48B6-BF45-886C5CBA2599}.Release|Any CPU.Build.0 = Release|Any CPU
		{70D2B02A-729E-48B6-BF45-886C5CBA2599}.Release|ARM.ActiveCfg = Release|Any CPU
		{70D2B02A-729E-48B6-BF45-886C5CBA2599}.Release|ARM.Build.0 = Release|Any CPU
		{70D2B02A-729E-48B6-BF45-886C5CBA2599}.Release|ARM64.ActiveCfg = Release|Any CPU
		{70D2B02A-729E-48B6-BF45-886C5CBA2599}.Release|ARM64.Build.0 = Release|Any CPU
		{70D2B02A-729E-48B6-BF45-886C5CBA2599}.Release|x64.ActiveCfg = Release|Any CPU
		{70D2B02A-729E-48B6-BF45-886C5CBA2599}.Release|x64.Build.0 = Release|Any CPU
		{70D2B02A-729E-48B6-BF45-886C5CBA2599}.Release|x86.ActiveCfg = Release|Any CPU
		{70D2B02A-729E-48B6-BF45-886C5CBA2599}.Release|x86.Build.0 = Release|Any CPU
		{39A34675-984C-4268-A993-9302F3A8BAE9}.Debug|Any CPU.ActiveCfg = Debug|Any CPU
		{39A34675-984C-4268-A993-9302F3A8BAE9}.Debug|Any CPU.Build.0 = Debug|Any CPU
		{39A34675-984C-4268-A993-9302F3A8BAE9}.Debug|ARM.ActiveCfg = Debug|Any CPU
		{39A34675-984C-4268-A993-9302F3A8BAE9}.Debug|ARM.Build.0 = Debug|Any CPU
		{39A34675-984C-4268-A993-9302F3A8BAE9}.Debug|ARM64.ActiveCfg = Debug|Any CPU
		{39A34675-984C-4268-A993-9302F3A8BAE9}.Debug|ARM64.Build.0 = Debug|Any CPU
		{39A34675-984C-4268-A993-9302F3A8BAE9}.Debug|x64.ActiveCfg = Debug|Any CPU
		{39A34675-984C-4268-A993-9302F3A8BAE9}.Debug|x64.Build.0 = Debug|Any CPU
		{39A34675-984C-4268-A993-9302F3A8BAE9}.Debug|x86.ActiveCfg = Debug|Any CPU
		{39A34675-984C-4268-A993-9302F3A8BAE9}.Debug|x86.Build.0 = Debug|Any CPU
		{39A34675-984C-4268-A993-9302F3A8BAE9}.Release|Any CPU.ActiveCfg = Release|Any CPU
		{39A34675-984C-4268-A993-9302F3A8BAE9}.Release|Any CPU.Build.0 = Release|Any CPU
		{39A34675-984C-4268-A993-9302F3A8BAE9}.Release|ARM.ActiveCfg = Release|Any CPU
		{39A34675-984C-4268-A993-9302F3A8BAE9}.Release|ARM.Build.0 = Release|Any CPU
		{39A34675-984C-4268-A993-9302F3A8BAE9}.Release|ARM64.ActiveCfg = Release|Any CPU
		{39A34675-984C-4268-A993-9302F3A8BAE9}.Release|ARM64.Build.0 = Release|Any CPU
		{39A34675-984C-4268-A993-9302F3A8BAE9}.Release|x64.ActiveCfg = Release|Any CPU
		{39A34675-984C-4268-A993-9302F3A8BAE9}.Release|x64.Build.0 = Release|Any CPU
		{39A34675-984C-4268-A993-9302F3A8BAE9}.Release|x86.ActiveCfg = Release|Any CPU
		{39A34675-984C-4268-A993-9302F3A8BAE9}.Release|x86.Build.0 = Release|Any CPU
		{48FE6BE8-DDAC-4B2A-BF53-CB67AA57E1E1}.Debug|Any CPU.ActiveCfg = Debug|Any CPU
		{48FE6BE8-DDAC-4B2A-BF53-CB67AA57E1E1}.Debug|Any CPU.Build.0 = Debug|Any CPU
		{48FE6BE8-DDAC-4B2A-BF53-CB67AA57E1E1}.Debug|ARM.ActiveCfg = Debug|Any CPU
		{48FE6BE8-DDAC-4B2A-BF53-CB67AA57E1E1}.Debug|ARM.Build.0 = Debug|Any CPU
		{48FE6BE8-DDAC-4B2A-BF53-CB67AA57E1E1}.Debug|ARM64.ActiveCfg = Debug|Any CPU
		{48FE6BE8-DDAC-4B2A-BF53-CB67AA57E1E1}.Debug|ARM64.Build.0 = Debug|Any CPU
		{48FE6BE8-DDAC-4B2A-BF53-CB67AA57E1E1}.Debug|x64.ActiveCfg = Debug|Any CPU
		{48FE6BE8-DDAC-4B2A-BF53-CB67AA57E1E1}.Debug|x64.Build.0 = Debug|Any CPU
		{48FE6BE8-DDAC-4B2A-BF53-CB67AA57E1E1}.Debug|x86.ActiveCfg = Debug|Any CPU
		{48FE6BE8-DDAC-4B2A-BF53-CB67AA57E1E1}.Debug|x86.Build.0 = Debug|Any CPU
		{48FE6BE8-DDAC-4B2A-BF53-CB67AA57E1E1}.Release|Any CPU.ActiveCfg = Release|Any CPU
		{48FE6BE8-DDAC-4B2A-BF53-CB67AA57E1E1}.Release|Any CPU.Build.0 = Release|Any CPU
		{48FE6BE8-DDAC-4B2A-BF53-CB67AA57E1E1}.Release|ARM.ActiveCfg = Release|Any CPU
		{48FE6BE8-DDAC-4B2A-BF53-CB67AA57E1E1}.Release|ARM.Build.0 = Release|Any CPU
		{48FE6BE8-DDAC-4B2A-BF53-CB67AA57E1E1}.Release|ARM64.ActiveCfg = Release|Any CPU
		{48FE6BE8-DDAC-4B2A-BF53-CB67AA57E1E1}.Release|ARM64.Build.0 = Release|Any CPU
		{48FE6BE8-DDAC-4B2A-BF53-CB67AA57E1E1}.Release|x64.ActiveCfg = Release|Any CPU
		{48FE6BE8-DDAC-4B2A-BF53-CB67AA57E1E1}.Release|x64.Build.0 = Release|Any CPU
		{48FE6BE8-DDAC-4B2A-BF53-CB67AA57E1E1}.Release|x86.ActiveCfg = Release|Any CPU
		{48FE6BE8-DDAC-4B2A-BF53-CB67AA57E1E1}.Release|x86.Build.0 = Release|Any CPU
		{177FC615-15EF-4206-A067-2285DAC1DAB2}.Debug|Any CPU.ActiveCfg = Debug|Any CPU
		{177FC615-15EF-4206-A067-2285DAC1DAB2}.Debug|Any CPU.Build.0 = Debug|Any CPU
		{177FC615-15EF-4206-A067-2285DAC1DAB2}.Debug|Any CPU.Deploy.0 = Debug|Any CPU
		{177FC615-15EF-4206-A067-2285DAC1DAB2}.Debug|ARM.ActiveCfg = Debug|Any CPU
		{177FC615-15EF-4206-A067-2285DAC1DAB2}.Debug|ARM.Build.0 = Debug|Any CPU
		{177FC615-15EF-4206-A067-2285DAC1DAB2}.Debug|ARM.Deploy.0 = Debug|Any CPU
		{177FC615-15EF-4206-A067-2285DAC1DAB2}.Debug|ARM64.ActiveCfg = Debug|Any CPU
		{177FC615-15EF-4206-A067-2285DAC1DAB2}.Debug|ARM64.Build.0 = Debug|Any CPU
		{177FC615-15EF-4206-A067-2285DAC1DAB2}.Debug|ARM64.Deploy.0 = Debug|Any CPU
		{177FC615-15EF-4206-A067-2285DAC1DAB2}.Debug|x64.ActiveCfg = Debug|Any CPU
		{177FC615-15EF-4206-A067-2285DAC1DAB2}.Debug|x64.Build.0 = Debug|Any CPU
		{177FC615-15EF-4206-A067-2285DAC1DAB2}.Debug|x64.Deploy.0 = Debug|Any CPU
		{177FC615-15EF-4206-A067-2285DAC1DAB2}.Debug|x86.ActiveCfg = Debug|Any CPU
		{177FC615-15EF-4206-A067-2285DAC1DAB2}.Debug|x86.Build.0 = Debug|Any CPU
		{177FC615-15EF-4206-A067-2285DAC1DAB2}.Debug|x86.Deploy.0 = Debug|Any CPU
		{177FC615-15EF-4206-A067-2285DAC1DAB2}.Release|Any CPU.ActiveCfg = Release|Any CPU
		{177FC615-15EF-4206-A067-2285DAC1DAB2}.Release|Any CPU.Build.0 = Release|Any CPU
		{177FC615-15EF-4206-A067-2285DAC1DAB2}.Release|Any CPU.Deploy.0 = Release|Any CPU
		{177FC615-15EF-4206-A067-2285DAC1DAB2}.Release|ARM.ActiveCfg = Release|Any CPU
		{177FC615-15EF-4206-A067-2285DAC1DAB2}.Release|ARM.Build.0 = Release|Any CPU
		{177FC615-15EF-4206-A067-2285DAC1DAB2}.Release|ARM.Deploy.0 = Release|Any CPU
		{177FC615-15EF-4206-A067-2285DAC1DAB2}.Release|ARM64.ActiveCfg = Release|Any CPU
		{177FC615-15EF-4206-A067-2285DAC1DAB2}.Release|ARM64.Build.0 = Release|Any CPU
		{177FC615-15EF-4206-A067-2285DAC1DAB2}.Release|ARM64.Deploy.0 = Release|Any CPU
		{177FC615-15EF-4206-A067-2285DAC1DAB2}.Release|x64.ActiveCfg = Release|Any CPU
		{177FC615-15EF-4206-A067-2285DAC1DAB2}.Release|x64.Build.0 = Release|Any CPU
		{177FC615-15EF-4206-A067-2285DAC1DAB2}.Release|x64.Deploy.0 = Release|Any CPU
		{177FC615-15EF-4206-A067-2285DAC1DAB2}.Release|x86.ActiveCfg = Release|Any CPU
		{177FC615-15EF-4206-A067-2285DAC1DAB2}.Release|x86.Build.0 = Release|Any CPU
		{177FC615-15EF-4206-A067-2285DAC1DAB2}.Release|x86.Deploy.0 = Release|Any CPU
	EndGlobalSection
	GlobalSection(SolutionProperties) = preSolution
		HideSolutionNode = FALSE
	EndGlobalSection
	GlobalSection(ExtensibilityGlobals) = postSolution
		SolutionGuid = {AA1D02A7-15AE-49B6-8739-C222659B3240}
	EndGlobalSection
EndGlobal
