
Microsoft Visual Studio Solution File, Format Version 12.00
# Visual Studio Version 16
VisualStudioVersion = 16.0.29324.140
MinimumVisualStudioVersion = 10.0.40219.1
Project("{FAE04EC0-301F-11D3-BF4B-00C04F79EFBC}") = "History", "History.csproj", "{ED191809-2C2A-4497-A068-AB405D455744}"
EndProject
Global
	GlobalSection(SolutionConfigurationPlatforms) = preSolution
		Debug|Any CPU = Debug|Any CPU
		Release|Any CPU = Release|Any CPU
	EndGlobalSection
	GlobalSection(ProjectConfigurationPlatforms) = postSolution
		{ED191809-2C2A-4497-A068-AB405D455744}.Debug|Any CPU.ActiveCfg = Debug|Any CPU
		{ED191809-2C2A-4497-A068-AB405D455744}.Debug|Any CPU.Build.0 = Debug|Any CPU
		{ED191809-2C2A-4497-A068-AB405D455744}.Release|Any CPU.ActiveCfg = Release|Any CPU
		{ED191809-2C2A-4497-A068-AB405D455744}.Release|Any CPU.Build.0 = Release|Any CPU
	EndGlobalSection
	GlobalSection(SolutionProperties) = preSolution
		HideSolutionNode = FALSE
	EndGlobalSection
	GlobalSection(ExtensibilityGlobals) = postSolution
		SolutionGuid = {157A125A-9ACA-41D3-85E1-92ED23037B82}
	EndGlobalSection
EndGlobal
